
Microsoft Visual Studio Solution File, Format Version 12.00
# Visual Studio 15
VisualStudioVersion = 15.0.28307.489
MinimumVisualStudioVersion = 10.0.40219.1
Project("{FAE04EC0-301F-11D3-BF4B-00C04F79EFBC}") = "ConsolidatedPlatformForRecruitmentAgencies", "ConsolidatedPlatformForRecruitmentAgencies\ConsolidatedPlatformForRecruitmentAgencies.csproj", "{6E81A67D-D2B6-4A8F-9573-11E5659C9AAD}"
EndProject
Global
	GlobalSection(SolutionConfigurationPlatforms) = preSolution
		Debug|Any CPU = Debug|Any CPU
		Release|Any CPU = Release|Any CPU
	EndGlobalSection
	GlobalSection(ProjectConfigurationPlatforms) = postSolution
		{6E81A67D-D2B6-4A8F-9573-11E5659C9AAD}.Debug|Any CPU.ActiveCfg = Debug|Any CPU
		{6E81A67D-D2B6-4A8F-9573-11E5659C9AAD}.Debug|Any CPU.Build.0 = Debug|Any CPU
		{6E81A67D-D2B6-4A8F-9573-11E5659C9AAD}.Release|Any CPU.ActiveCfg = Release|Any CPU
		{6E81A67D-D2B6-4A8F-9573-11E5659C9AAD}.Release|Any CPU.Build.0 = Release|Any CPU
	EndGlobalSection
	GlobalSection(SolutionProperties) = preSolution
		HideSolutionNode = FALSE
	EndGlobalSection
	GlobalSection(ExtensibilityGlobals) = postSolution
		SolutionGuid = {83B64793-AF5D-49D4-90A5-2EBA8C9F2B88}
	EndGlobalSection
EndGlobal
